
Microsoft Visual Studio Solution File, Format Version 12.00
# Visual Studio Version 17
VisualStudioVersion = 17.5.33530.505
MinimumVisualStudioVersion = 10.0.40219.1
Project("{FAE04EC0-301F-11D3-BF4B-00C04F79EFBC}") = "WFAKeepingADailyProject", "WFAKeepingADailyProject\WFAKeepingADailyProject.csproj", "{1B9DF044-5B5A-4658-BC30-5FB5F973ED8E}"
EndProject
Global
	GlobalSection(SolutionConfigurationPlatforms) = preSolution
		Debug|Any CPU = Debug|Any CPU
		Release|Any CPU = Release|Any CPU
	EndGlobalSection
	GlobalSection(ProjectConfigurationPlatforms) = postSolution
		{1B9DF044-5B5A-4658-BC30-5FB5F973ED8E}.Debug|Any CPU.ActiveCfg = Debug|Any CPU
		{1B9DF044-5B5A-4658-BC30-5FB5F973ED8E}.Debug|Any CPU.Build.0 = Debug|Any CPU
		{1B9DF044-5B5A-4658-BC30-5FB5F973ED8E}.Release|Any CPU.ActiveCfg = Release|Any CPU
		{1B9DF044-5B5A-4658-BC30-5FB5F973ED8E}.Release|Any CPU.Build.0 = Release|Any CPU
	EndGlobalSection
	GlobalSection(SolutionProperties) = preSolution
		HideSolutionNode = FALSE
	EndGlobalSection
	GlobalSection(ExtensibilityGlobals) = postSolution
		SolutionGuid = {17168D40-A589-4881-896E-64C1C8A17A36}
	EndGlobalSection
EndGlobal
